
Microsoft Visual Studio Solution File, Format Version 12.00
# Visual Studio Version 17
VisualStudioVersion = 17.8.34511.84
MinimumVisualStudioVersion = 10.0.40219.1
Project("{FAE04EC0-301F-11D3-BF4B-00C04F79EFBC}") = "Egwarancje", "Egwarancje\Egwarancje.csproj", "{882F1DC6-8DE3-4CE5-A51A-C272C00FB5EA}"
EndProject
Global
	GlobalSection(SolutionConfigurationPlatforms) = preSolution
		Debug|Any CPU = Debug|Any CPU
		Release|Any CPU = Release|Any CPU
	EndGlobalSection
	GlobalSection(ProjectConfigurationPlatforms) = postSolution
		{882F1DC6-8DE3-4CE5-A51A-C272C00FB5EA}.Debug|Any CPU.ActiveCfg = Debug|Any CPU
		{882F1DC6-8DE3-4CE5-A51A-C272C00FB5EA}.Debug|Any CPU.Build.0 = Debug|Any CPU
		{882F1DC6-8DE3-4CE5-A51A-C272C00FB5EA}.Debug|Any CPU.Deploy.0 = Debug|Any CPU
		{882F1DC6-8DE3-4CE5-A51A-C272C00FB5EA}.Release|Any CPU.ActiveCfg = Release|Any CPU
		{882F1DC6-8DE3-4CE5-A51A-C272C00FB5EA}.Release|Any CPU.Build.0 = Release|Any CPU
		{882F1DC6-8DE3-4CE5-A51A-C272C00FB5EA}.Release|Any CPU.Deploy.0 = Release|Any CPU
	EndGlobalSection
	GlobalSection(SolutionProperties) = preSolution
		HideSolutionNode = FALSE
	EndGlobalSection
	GlobalSection(ExtensibilityGlobals) = postSolution
		SolutionGuid = {B7C368D1-F161-464D-96DC-74D0286EA977}
	EndGlobalSection
EndGlobal
